
Microsoft Visual Studio Solution File, Format Version 12.00
# Visual Studio 15
VisualStudioVersion = 15.0.28307.1062
MinimumVisualStudioVersion = 10.0.40219.1
Project("{9A19103F-16F7-4668-BE54-9A1E7A4F7556}") = "BusinessLayer", "Business\BusinessLayer.csproj", "{DC800614-5C79-46AA-89B8-69306446F35E}"
EndProject
Project("{9A19103F-16F7-4668-BE54-9A1E7A4F7556}") = "DatabaseLayer", "DatabaseLayer\DatabaseLayer.csproj", "{FE211B47-4648-472F-8B20-4F8CB2B152A4}"
EndProject
Project("{9A19103F-16F7-4668-BE54-9A1E7A4F7556}") = "Common", "Common\Common.csproj", "{9C9FED2F-346F-44BF-A07E-5A15FBF7D922}"
EndProject
Project("{FAE04EC0-301F-11D3-BF4B-00C04F79EFBC}") = "UserService2", "UserService2\UserService2.csproj", "{B0771CE4-5D89-4B8D-9590-E82AB457F713}"
EndProject
Global
	GlobalSection(SolutionConfigurationPlatforms) = preSolution
		Debug|Any CPU = Debug|Any CPU
		Release|Any CPU = Release|Any CPU
	EndGlobalSection
	GlobalSection(ProjectConfigurationPlatforms) = postSolution
		{DC800614-5C79-46AA-89B8-69306446F35E}.Debug|Any CPU.ActiveCfg = Debug|Any CPU
		{DC800614-5C79-46AA-89B8-69306446F35E}.Debug|Any CPU.Build.0 = Debug|Any CPU
		{DC800614-5C79-46AA-89B8-69306446F35E}.Release|Any CPU.ActiveCfg = Release|Any CPU
		{DC800614-5C79-46AA-89B8-69306446F35E}.Release|Any CPU.Build.0 = Release|Any CPU
		{FE211B47-4648-472F-8B20-4F8CB2B152A4}.Debug|Any CPU.ActiveCfg = Debug|Any CPU
		{FE211B47-4648-472F-8B20-4F8CB2B152A4}.Debug|Any CPU.Build.0 = Debug|Any CPU
		{FE211B47-4648-472F-8B20-4F8CB2B152A4}.Release|Any CPU.ActiveCfg = Release|Any CPU
		{FE211B47-4648-472F-8B20-4F8CB2B152A4}.Release|Any CPU.Build.0 = Release|Any CPU
		{9C9FED2F-346F-44BF-A07E-5A15FBF7D922}.Debug|Any CPU.ActiveCfg = Debug|Any CPU
		{9C9FED2F-346F-44BF-A07E-5A15FBF7D922}.Debug|Any CPU.Build.0 = Debug|Any CPU
		{9C9FED2F-346F-44BF-A07E-5A15FBF7D922}.Release|Any CPU.ActiveCfg = Release|Any CPU
		{9C9FED2F-346F-44BF-A07E-5A15FBF7D922}.Release|Any CPU.Build.0 = Release|Any CPU
		{B0771CE4-5D89-4B8D-9590-E82AB457F713}.Debug|Any CPU.ActiveCfg = Debug|Any CPU
		{B0771CE4-5D89-4B8D-9590-E82AB457F713}.Debug|Any CPU.Build.0 = Debug|Any CPU
		{B0771CE4-5D89-4B8D-9590-E82AB457F713}.Release|Any CPU.ActiveCfg = Release|Any CPU
		{B0771CE4-5D89-4B8D-9590-E82AB457F713}.Release|Any CPU.Build.0 = Release|Any CPU
	EndGlobalSection
	GlobalSection(SolutionProperties) = preSolution
		HideSolutionNode = FALSE
	EndGlobalSection
	GlobalSection(ExtensibilityGlobals) = postSolution
		SolutionGuid = {9EFC284A-9832-4815-A011-F7EF8659854D}
	EndGlobalSection
EndGlobal
